
Microsoft Visual Studio Solution File, Format Version 12.00
# Visual Studio 15
VisualStudioVersion = 15.0.27703.2047
MinimumVisualStudioVersion = 10.0.40219.1
Project("{FAE04EC0-301F-11D3-BF4B-00C04F79EFBC}") = "SehirRehberi.API", "SehirRehberi.API\SehirRehberi.API.csproj", "{236FECA8-051B-47ED-B229-45F653312166}"
EndProject
Global
	GlobalSection(SolutionConfigurationPlatforms) = preSolution
		Debug|Any CPU = Debug|Any CPU
		Release|Any CPU = Release|Any CPU
	EndGlobalSection
	GlobalSection(ProjectConfigurationPlatforms) = postSolution
		{236FECA8-051B-47ED-B229-45F653312166}.Debug|Any CPU.ActiveCfg = Debug|Any CPU
		{236FECA8-051B-47ED-B229-45F653312166}.Debug|Any CPU.Build.0 = Debug|Any CPU
		{236FECA8-051B-47ED-B229-45F653312166}.Release|Any CPU.ActiveCfg = Release|Any CPU
		{236FECA8-051B-47ED-B229-45F653312166}.Release|Any CPU.Build.0 = Release|Any CPU
	EndGlobalSection
	GlobalSection(SolutionProperties) = preSolution
		HideSolutionNode = FALSE
	EndGlobalSection
	GlobalSection(ExtensibilityGlobals) = postSolution
		SolutionGuid = {EB72208B-92D0-4167-9BFE-923B5105B3A9}
	EndGlobalSection
EndGlobal
